{
    "_meta": {
        "hash": {
            "sha256": "511868804ebbd71207f74a57c04a1146be738a78c61c9f50c8c302dc7e93273c"
        },
        "pipfile-spec": 6,
        "requires": {
            "python_version": "3.7"
        },
        "sources": [
            {
                "name": "pypi",
                "url": "https://pypi.org/simple",
                "verify_ssl": true
            }
        ]
    },
    "default": {
        "amqp": {
            "hashes": [
                "sha256:6e649ca13a7df3faacdc8bbb280aa9a6602d22fd9d545336077e573a1f4ff3b8",
                "sha256:77f1aef9410698d20eaeac5b73a87817365f457a507d82edf292e12cbb83b08d"
            ],
            "version": "==2.5.2"
        },
        "billiard": {
            "hashes": [
                "sha256:01afcb4e7c4fd6480940cfbd4d9edc19d7a7509d6ada533984d0d0f49901ec82",
                "sha256:b8809c74f648dfe69b973c8e660bcec00603758c9db8ba89d7719f88d5f01f26"
            ],
            "version": "==3.6.1.0"
        },
        "celery": {
            "extras": [
                "django",
                "redis"
            ],
            "hashes": [
                "sha256:4c4532aa683f170f40bd76f928b70bc06ff171a959e06e71bf35f2f9d6031ef9",
                "sha256:528e56767ae7e43a16cfef24ee1062491f5754368d38fcfffa861cdb9ef219be"
            ],
            "index": "pypi",
            "version": "==4.3.0"
        },
        "certifi": {
            "hashes": [
                "sha256:e4f3620cfea4f83eedc95b24abd9cd56f3c4b146dd0177e83a21b4eb49e21e50",
                "sha256:fd7c7c74727ddcf00e9acd26bba8da604ffec95bf1c2144e67aff7a8b50e6cef"
            ],
            "version": "==2019.9.11"
        },
        "chardet": {
            "hashes": [
                "sha256:84ab92ed1c4d4f16916e05906b6b75a6c0fb5db821cc65e70cbd64a3e2a5eaae",
                "sha256:fc323ffcaeaed0e0a02bf4d117757b98aed530d9ed4531e3e15460124c106691"
            ],
            "version": "==3.0.4"
        },
        "cma": {
            "hashes": [
                "sha256:136e457c97e837152404b868c4ec6f163dee923fcee8b94ff446d13d4242b227",
                "sha256:f4630d405efdbf4d85ba42b6bdfe5708b716bb088880b938b60c3bfbf1c1cd59"
            ],
            "index": "pypi",
            "version": "==2.7.0"
        },
        "django": {
            "hashes": [
                "sha256:16040e1288c6c9f68c6da2fe75ebde83c0a158f6f5d54f4c5177b0c1478c5b86",
                "sha256:89c2007ca4fa5b351a51a279eccff298520783b713bf28efb89dfb81c80ea49b"
            ],
            "index": "pypi",
            "version": "==2.2.7"
        },
        "django-celery-beat": {
            "hashes": [
                "sha256:61c92d4b600a9f24406ee0b8d01a9b192253e15d047e3325e1d81e2cacf7aba6",
                "sha256:659b39232c454ac27022bf679939bce0471fd482f3ee9276f5199716cb4afad9"
            ],
            "index": "pypi",
            "version": "==1.5.0"
        },
        "django-celery-results": {
            "hashes": [
                "sha256:932277e9382528f74778b30cf90e17941cba577b7d73cee09ed55e4972972c32",
                "sha256:e735dc3e705a0e21afc3b6fa2918ec388258145fcbaad3727c493c5707d25034"
            ],
            "index": "pypi",
            "version": "==1.1.2"
        },
        "django-timezone-field": {
            "hashes": [
                "sha256:1a7bbcf984ae191c6dfe713994b4ff4062dc21e47a909356c93e76d027c87c8f",
                "sha256:a25af66b86d13709aa8c69a361c1ea68322cda64b5bbf9141fb67b8b44aa4e43"
            ],
            "version": "==3.1"
        },
        "idna": {
            "hashes": [
                "sha256:c357b3f628cf53ae2c4c05627ecc484553142ca23264e593d327bcde5e9c3407",
                "sha256:ea8b7f6188e6fa117537c3df7da9fc686d485087abf6ac197f9c46432f7e4a3c"
            ],
            "version": "==2.8"
        },
        "importlib-metadata": {
            "hashes": [
                "sha256:aa18d7378b00b40847790e7c27e11673d7fed219354109d0e7b9e5b25dc3ad26",
                "sha256:d5f18a79777f3aa179c145737780282e27b508fc8fd688cb17c7a813e8bd39af"
            ],
            "version": "==0.23"
        },
        "kombu": {
            "hashes": [
                "sha256:1760b54b1d15a547c9a26d3598a1c8cdaf2436386ac1f5561934bc8a3cbbbd86",
                "sha256:e7465aa85a1db889116819f08c5de29520d2fa103324dcdca5e90af345f01771"
            ],
            "version": "==4.6.6"
        },
        "more-itertools": {
            "hashes": [
                "sha256:409cd48d4db7052af495b09dec721011634af3753ae1ef92d2b32f73a745f832",
                "sha256:92b8c4b06dac4f0611c0729b2f2ede52b2e1bac1ab48f089c7ddc12e26bb60c4"
            ],
            "version": "==7.2.0"
        },
        "numpy": {
            "hashes": [
                "sha256:0b0dd8f47fb177d00fa6ef2d58783c4f41ad3126b139c91dd2f7c4b3fdf5e9a5",
                "sha256:25ffe71f96878e1da7e014467e19e7db90ae7d4e12affbc73101bcf61785214e",
                "sha256:26efd7f7d755e6ca966a5c0ac5a930a87dbbaab1c51716ac26a38f42ecc9bc4b",
                "sha256:28b1180c758abf34a5c3fea76fcee66a87def1656724c42bb14a6f9717a5bdf7",
                "sha256:2e418f0a59473dac424f888dd57e85f77502a593b207809211c76e5396ae4f5c",
                "sha256:30c84e3a62cfcb9e3066f25226e131451312a044f1fe2040e69ce792cb7de418",
                "sha256:4650d94bb9c947151737ee022b934b7d9a845a7c76e476f3e460f09a0c8c6f39",
                "sha256:4dd830a11e8724c9c9379feed1d1be43113f8bcce55f47ea7186d3946769ce26",
                "sha256:4f2a2b279efde194877aff1f76cf61c68e840db242a5c7169f1ff0fd59a2b1e2",
                "sha256:62d22566b3e3428dfc9ec972014c38ed9a4db4f8969c78f5414012ccd80a149e",
                "sha256:669795516d62f38845c7033679c648903200980d68935baaa17ac5c7ae03ae0c",
                "sha256:75fcd60d682db3e1f8fbe2b8b0c6761937ad56d01c1dc73edf4ef2748d5b6bc4",
                "sha256:9395b0a41e8b7e9a284e3be7060db9d14ad80273841c952c83a5afc241d2bd98",
                "sha256:9e37c35fc4e9410093b04a77d11a34c64bf658565e30df7cbe882056088a91c1",
                "sha256:a0678793096205a4d784bd99f32803ba8100f639cf3b932dc63b21621390ea7e",
                "sha256:b46554ad4dafb2927f88de5a1d207398c5385edbb5c84d30b3ef187c4a3894d8",
                "sha256:c867eeccd934920a800f65c6068acdd6b87e80d45cd8c8beefff783b23cdc462",
                "sha256:dd0667f5be56fb1b570154c2c0516a528e02d50da121bbbb2cbb0b6f87f59bc2",
                "sha256:de2b1c20494bdf47f0160bd88ed05f5e48ae5dc336b8de7cfade71abcc95c0b9",
                "sha256:f1df7b2b7740dd777571c732f98adb5aad5450aee32772f1b39249c8a50386f6",
                "sha256:ffca69e29079f7880c5392bf675eb8b4146479d976ae1924d01cd92b04cccbcc"
            ],
            "index": "pypi",
            "version": "==1.17.3"
        },
        "python-crontab": {
            "hashes": [
                "sha256:3ac1608ff76032e6fc6e16b5fbf83b51557e0e066bf78e9f88571571e7bd7ae6"
            ],
            "version": "==2.4.0"
        },
        "python-dateutil": {
            "hashes": [
                "sha256:73ebfe9dbf22e832286dafa60473e4cd239f8592f699aa5adaf10050e6e1823c",
                "sha256:75bb3f31ea686f1197762692a9ee6a7550b59fc6ca3a1f4b5d7e32fb98e2da2a"
            ],
            "version": "==2.8.1"
        },
        "pytz": {
            "hashes": [
                "sha256:1c557d7d0e871de1f5ccd5833f60fb2550652da6be2693c1e02300743d21500d",
                "sha256:b02c06db6cf09c12dd25137e563b31700d3b80fcc4ad23abb7a315f2789819be"
            ],
            "version": "==2019.3"
        },
        "redis": {
            "hashes": [
                "sha256:3613daad9ce5951e426f460deddd5caf469e08a3af633e9578fc77d362becf62",
                "sha256:8d0fc278d3f5e1249967cba2eb4a5632d19e45ce5c09442b8422d15ee2c22cc2"
            ],
            "version": "==3.3.11"
        },
        "requests": {
            "hashes": [
                "sha256:11e007a8a2aa0323f5a921e9e6a2d7e4e67d9877e85773fba9ba6419025cbeb4",
                "sha256:9cf5292fcd0f598c671cfc1e0d7d1a7f13bb8085e9a590f48c010551dc6c4b31"
            ],
            "index": "pypi",
            "version": "==2.22.0"
        },
        "six": {
            "hashes": [
                "sha256:1f1b7d42e254082a9db6279deae68afb421ceba6158efa6131de7b3003ee93fd",
                "sha256:30f610279e8b2578cab6db20741130331735c781b56053c59c4076da27f06b66"
            ],
            "version": "==1.13.0"
        },
        "sqlparse": {
            "hashes": [
                "sha256:40afe6b8d4b1117e7dff5504d7a8ce07d9a1b15aeeade8a2d10f130a834f8177",
                "sha256:7c3dca29c022744e95b547e867cee89f4fce4373f3549ccd8797d8eb52cdb873"
            ],
            "version": "==0.3.0"
        },
        "urllib3": {
            "hashes": [
                "sha256:3de946ffbed6e6746608990594d08faac602528ac7015ac28d33cee6a45b7398",
                "sha256:9a107b99a5393caf59c7aa3c1249c16e6879447533d0887f4336dde834c7be86"
            ],
            "version": "==1.25.6"
        },
        "vine": {
            "hashes": [
                "sha256:133ee6d7a9016f177ddeaf191c1f58421a1dcc6ee9a42c58b34bed40e1d2cd87",
                "sha256:ea4947cc56d1fd6f2095c8d543ee25dad966f78692528e68b4fada11ba3f98af"
            ],
            "version": "==1.3.0"
        },
        "zipp": {
            "hashes": [
                "sha256:3718b1cbcd963c7d4c5511a8240812904164b7f381b647143a89d3b98f9bcd8e",
                "sha256:f06903e9f1f43b12d371004b4ac7b06ab39a44adc747266928ae6debfa7b3335"
            ],
            "version": "==0.6.0"
        }
    },
    "develop": {}
}
